
Microsoft Visual Studio Solution File, Format Version 12.00
# Visual Studio Version 17
VisualStudioVersion = 17.10.35013.160
MinimumVisualStudioVersion = 10.0.40219.1
Project("{9A19103F-16F7-4668-BE54-9A1E7A4F7556}") = "MyHebrewBible", "MyHebrewBible\MyHebrewBible\MyHebrewBible.csproj", "{8F8952B9-07F5-4F58-905C-70883A4E8586}"
EndProject
Project("{9A19103F-16F7-4668-BE54-9A1E7A4F7556}") = "MyHebrewBible.Client", "MyHebrewBible\MyHebrewBible.Client\MyHebrewBible.Client.csproj", "{48E5B470-0157-4C83-B516-0A2EC04DD03D}"
EndProject
Project("{9A19103F-16F7-4668-BE54-9A1E7A4F7556}") = "Utility", "Utility\Utility.csproj", "{4062460B-BC0D-49C9-849A-8D0D2615DAB3}"
EndProject
Project("{9A19103F-16F7-4668-BE54-9A1E7A4F7556}") = "BuildTriennialSmartEnum", "BuildTriennialSmartEnum\BuildTriennialSmartEnum.csproj", "{65C793AE-6DD4-4D31-ABFC-3465A28CC1C2}"
EndProject
Project("{2150E333-8FDC-42A3-9474-1A3956D46DE8}") = "Solution Items", "Solution Items", "{F79D15B2-C299-4B47-8E9F-2B7AD7EE7B9E}"
	ProjectSection(SolutionItems) = preProject
		.editorconfig = .editorconfig
	EndProjectSection
EndProject
Global
	GlobalSection(SolutionConfigurationPlatforms) = preSolution
		Debug|Any CPU = Debug|Any CPU
		Release|Any CPU = Release|Any CPU
	EndGlobalSection
	GlobalSection(ProjectConfigurationPlatforms) = postSolution
		{8F8952B9-07F5-4F58-905C-70883A4E8586}.Debug|Any CPU.ActiveCfg = Debug|Any CPU
		{8F8952B9-07F5-4F58-905C-70883A4E8586}.Debug|Any CPU.Build.0 = Debug|Any CPU
		{8F8952B9-07F5-4F58-905C-70883A4E8586}.Release|Any CPU.ActiveCfg = Release|Any CPU
		{8F8952B9-07F5-4F58-905C-70883A4E8586}.Release|Any CPU.Build.0 = Release|Any CPU
		{48E5B470-0157-4C83-B516-0A2EC04DD03D}.Debug|Any CPU.ActiveCfg = Debug|Any CPU
		{48E5B470-0157-4C83-B516-0A2EC04DD03D}.Debug|Any CPU.Build.0 = Debug|Any CPU
		{48E5B470-0157-4C83-B516-0A2EC04DD03D}.Release|Any CPU.ActiveCfg = Release|Any CPU
		{48E5B470-0157-4C83-B516-0A2EC04DD03D}.Release|Any CPU.Build.0 = Release|Any CPU
		{4062460B-BC0D-49C9-849A-8D0D2615DAB3}.Debug|Any CPU.ActiveCfg = Debug|Any CPU
		{4062460B-BC0D-49C9-849A-8D0D2615DAB3}.Debug|Any CPU.Build.0 = Debug|Any CPU
		{4062460B-BC0D-49C9-849A-8D0D2615DAB3}.Release|Any CPU.ActiveCfg = Release|Any CPU
		{4062460B-BC0D-49C9-849A-8D0D2615DAB3}.Release|Any CPU.Build.0 = Release|Any CPU
		{65C793AE-6DD4-4D31-ABFC-3465A28CC1C2}.Debug|Any CPU.ActiveCfg = Debug|Any CPU
		{65C793AE-6DD4-4D31-ABFC-3465A28CC1C2}.Debug|Any CPU.Build.0 = Debug|Any CPU
		{65C793AE-6DD4-4D31-ABFC-3465A28CC1C2}.Release|Any CPU.ActiveCfg = Release|Any CPU
		{65C793AE-6DD4-4D31-ABFC-3465A28CC1C2}.Release|Any CPU.Build.0 = Release|Any CPU
	EndGlobalSection
	GlobalSection(SolutionProperties) = preSolution
		HideSolutionNode = FALSE
	EndGlobalSection
	GlobalSection(ExtensibilityGlobals) = postSolution
		SolutionGuid = {EC71E9CB-934D-4CE9-A787-80B23977B48D}
	EndGlobalSection
EndGlobal
