
Microsoft Visual Studio Solution File, Format Version 12.00
# Visual Studio Version 17
VisualStudioVersion = 17.10.35013.160
MinimumVisualStudioVersion = 10.0.40219.1
Project("{9A19103F-16F7-4668-BE54-9A1E7A4F7556}") = "MyHebrewBible", "MyHebrewBible\MyHebrewBible\MyHebrewBible.csproj", "{8F8952B9-07F5-4F58-905C-70883A4E8586}"
EndProject
Project("{9A19103F-16F7-4668-BE54-9A1E7A4F7556}") = "MyHebrewBible.Client", "MyHebrewBible\MyHebrewBible.Client\MyHebrewBible.Client.csproj", "{48E5B470-0157-4C83-B516-0A2EC04DD03D}"
EndProject
Global
	GlobalSection(SolutionConfigurationPlatforms) = preSolution
		Debug|Any CPU = Debug|Any CPU
		Release|Any CPU = Release|Any CPU
	EndGlobalSection
	GlobalSection(ProjectConfigurationPlatforms) = postSolution
		{8F8952B9-07F5-4F58-905C-70883A4E8586}.Debug|Any CPU.ActiveCfg = Debug|Any CPU
		{8F8952B9-07F5-4F58-905C-70883A4E8586}.Debug|Any CPU.Build.0 = Debug|Any CPU
		{8F8952B9-07F5-4F58-905C-70883A4E8586}.Release|Any CPU.ActiveCfg = Release|Any CPU
		{8F8952B9-07F5-4F58-905C-70883A4E8586}.Release|Any CPU.Build.0 = Release|Any CPU
		{48E5B470-0157-4C83-B516-0A2EC04DD03D}.Debug|Any CPU.ActiveCfg = Debug|Any CPU
		{48E5B470-0157-4C83-B516-0A2EC04DD03D}.Debug|Any CPU.Build.0 = Debug|Any CPU
		{48E5B470-0157-4C83-B516-0A2EC04DD03D}.Release|Any CPU.ActiveCfg = Release|Any CPU
		{48E5B470-0157-4C83-B516-0A2EC04DD03D}.Release|Any CPU.Build.0 = Release|Any CPU
	EndGlobalSection
	GlobalSection(SolutionProperties) = preSolution
		HideSolutionNode = FALSE
	EndGlobalSection
	GlobalSection(ExtensibilityGlobals) = postSolution
		SolutionGuid = {EC71E9CB-934D-4CE9-A787-80B23977B48D}
	EndGlobalSection
EndGlobal
